// !$*UTF8*$!
{
	archiveVersion = 1;
	classes = {
	};
	objectVersion = 56;
	objects = {

/* Begin PBXBuildFile section */
		01BE97BB2FE0E226000F52A9 /* Assets.xcassets in Resources */ = {isa = PBXBuildFile; fileRef = 01BE97BA2FE0E226000F52A9 /* Assets.xcassets */; };
		338F8C8BBF1343EB69A78AD0 /* Models/ContentValidation.swift in Sources */ = {isa = PBXBuildFile; fileRef = CA8DC468D85E10471B68033F /* Models/ContentValidation.swift */; };
		34895A7D84534D8CA7CF6D2C /* Data/ProcedureRepository.swift in Sources */ = {isa = PBXBuildFile; fileRef = 32D9DA74992140609FB5FBCB /* Data/ProcedureRepository.swift */; };
		489861521A8E4EE8B8A92E0F /* Views/Procedures/ProcedureDetailView.swift in Sources */ = {isa = PBXBuildFile; fileRef = 44016AEFAE5E48D48C84BAE1 /* Views/Procedures/ProcedureDetailView.swift */; };
		5A6D4E9C7089450EB8F5B4ED /* Components/ProcedureCard.swift in Sources */ = {isa = PBXBuildFile; fileRef = 6CBD851062FD4CF6B0503C4B /* Components/ProcedureCard.swift */; };
		69BFFF9DEFEE45C18A32A93F /* ProceduresApp.swift in Sources */ = {isa = PBXBuildFile; fileRef = 160FBDD0DD9E41C9906384DF /* ProceduresApp.swift */; };
		761FD7F437374F90B4F87581 /* Models/Procedure.swift in Sources */ = {isa = PBXBuildFile; fileRef = EFCEB8DF5BB34D20A3222B6E /* Models/Procedure.swift */; };
		7E570000000000000000000D /* ContentDecodingTests.swift in Sources */ = {isa = PBXBuildFile; fileRef = 7E570000000000000000000A /* ContentDecodingTests.swift */; };
		7E570000000000000000000E /* RescueSearchTests.swift in Sources */ = {isa = PBXBuildFile; fileRef = 7E570000000000000000000B /* RescueSearchTests.swift */; };
		7E570000000000000000000F /* ValidationTests.swift in Sources */ = {isa = PBXBuildFile; fileRef = 7E570000000000000000000C /* ValidationTests.swift */; };
		7E570000000000000000001A /* Models/ReviewerStatus.swift in Sources */ = {isa = PBXBuildFile; fileRef = 7E570000000000000000001B /* Models/ReviewerStatus.swift */; };
		7E580000000000000000001A /* Models/Kit.swift in Sources */ = {isa = PBXBuildFile; fileRef = 7E580000000000000000001B /* Models/Kit.swift */; };
		7E580000000000000000002A /* Resources/kits.json in Resources */ = {isa = PBXBuildFile; fileRef = 7E580000000000000000002B /* Resources/kits.json */; };
		881D5EC5F8154B77BBCE9542 /* Views/Complications/ComplicationsHomeView.swift in Sources */ = {isa = PBXBuildFile; fileRef = EFF198A70EE348B5AF64D291 /* Views/Complications/ComplicationsHomeView.swift */; };
		88F9C923C93A43E6A2E14BFF /* Models/ComplicationRescueCard.swift in Sources */ = {isa = PBXBuildFile; fileRef = AD38FED1DEFEFB62F3922F4C /* Models/ComplicationRescueCard.swift */; };
		8FE086BA856F4B1293051E57 /* Components/CriticalWarningCard.swift in Sources */ = {isa = PBXBuildFile; fileRef = 4301701BC4A744288E325DE7 /* Components/CriticalWarningCard.swift */; };
		92AACC753D3533D81A9532F1 /* Views/Review/ReviewCenterView.swift in Sources */ = {isa = PBXBuildFile; fileRef = 13EEE6E0342FFE24C67FCF75 /* Views/Review/ReviewCenterView.swift */; };
		958492D1300C4EEC9CE1FAEA /* Views/Saved/SavedView.swift in Sources */ = {isa = PBXBuildFile; fileRef = CA5529C4505C4F41A4A01806 /* Views/Saved/SavedView.swift */; };
		A11111111111111111111111 /* Views/Guide/GuideHomeView.swift in Sources */ = {isa = PBXBuildFile; fileRef = A22222222222222222222222 /* Views/Guide/GuideHomeView.swift */; };
		AABBCCDD0000000000005E71 /* Views/Settings/SettingsView.swift in Sources */ = {isa = PBXBuildFile; fileRef = AABBCCDD0000000000005E72 /* Views/Settings/SettingsView.swift */; };
		B1C2D3E4F5A60718293A4B5C /* Resources/rescue_cards.json in Resources */ = {isa = PBXBuildFile; fileRef = C1D2E3F4A5B60718293A4B5C /* Resources/rescue_cards.json */; };
		BA427DAF09B3410CAD39E4DD /* Components/ChecklistRow.swift in Sources */ = {isa = PBXBuildFile; fileRef = FFD19908C0EF438BABD37112 /* Components/ChecklistRow.swift */; };
		C637CD5B4F7C4AE4ADE9E581 /* Views/Equipment/EquipmentHomeView.swift in Sources */ = {isa = PBXBuildFile; fileRef = B7E9D92490F346AC94F36B69 /* Views/Equipment/EquipmentHomeView.swift */; };
		CB2CA167E0F74C4A8EDE9CA4 /* Data/UserDataStore.swift in Sources */ = {isa = PBXBuildFile; fileRef = 6DDB17579B3E40EDB201B37B /* Data/UserDataStore.swift */; };
		CC94070492474B6EBF6DD38E /* Views/Procedures/ProcedureListView.swift in Sources */ = {isa = PBXBuildFile; fileRef = 14AA73F6A3DD4C6599CF0094 /* Views/Procedures/ProcedureListView.swift */; };
		D6B981D555E14D429E0F5A4E /* Resources/procedures.json in Resources */ = {isa = PBXBuildFile; fileRef = 915119767C5F42828C5B518A /* Resources/procedures.json */; };
		E075E2EF1601425490291385 /* RootTabView.swift in Sources */ = {isa = PBXBuildFile; fileRef = 05B9118E397A43DFBAA25820 /* RootTabView.swift */; };
		ECF59648B12840F78DBE7AAD /* Components/EmptyStateView.swift in Sources */ = {isa = PBXBuildFile; fileRef = 60B819C919EE4D2797D8FBA7 /* Components/EmptyStateView.swift */; };
		F312BCB2A1354D51B8B76D53 /* Components/SectionCard.swift in Sources */ = {isa = PBXBuildFile; fileRef = 292B31E7F747418789D2A966 /* Components/SectionCard.swift */; };
/* End PBXBuildFile section */

/* Begin PBXContainerItemProxy section */
		7E5700000000000000000007 /* PBXContainerItemProxy */ = {
			isa = PBXContainerItemProxy;
			containerPortal = AA666B690B73405FA73EDA8F /* Project object */;
			proxyType = 1;
			remoteGlobalIDString = 7315612EF9CC4CF9B2359C83;
			remoteInfo = Procedures;
		};
/* End PBXContainerItemProxy section */

/* Begin PBXFileReference section */
		01BE97BA2FE0E226000F52A9 /* Assets.xcassets */ = {isa = PBXFileReference; lastKnownFileType = folder.assetcatalog; path = Assets.xcassets; sourceTree = "<group>"; };
		05B9118E397A43DFBAA25820 /* RootTabView.swift */ = {isa = PBXFileReference; lastKnownFileType = sourcecode.swift; path = RootTabView.swift; sourceTree = "<group>"; };
		13EEE6E0342FFE24C67FCF75 /* Views/Review/ReviewCenterView.swift */ = {isa = PBXFileReference; lastKnownFileType = sourcecode.swift; path = Views/Review/ReviewCenterView.swift; sourceTree = "<group>"; };
		14AA73F6A3DD4C6599CF0094 /* Views/Procedures/ProcedureListView.swift */ = {isa = PBXFileReference; lastKnownFileType = sourcecode.swift; path = Views/Procedures/ProcedureListView.swift; sourceTree = "<group>"; };
		160FBDD0DD9E41C9906384DF /* ProceduresApp.swift */ = {isa = PBXFileReference; lastKnownFileType = sourcecode.swift; path = ProceduresApp.swift; sourceTree = "<group>"; };
		292B31E7F747418789D2A966 /* Components/SectionCard.swift */ = {isa = PBXFileReference; lastKnownFileType = sourcecode.swift; path = Components/SectionCard.swift; sourceTree = "<group>"; };
		32D9DA74992140609FB5FBCB /* Data/ProcedureRepository.swift */ = {isa = PBXFileReference; lastKnownFileType = sourcecode.swift; path = Data/ProcedureRepository.swift; sourceTree = "<group>"; };
		4301701BC4A744288E325DE7 /* Components/CriticalWarningCard.swift */ = {isa = PBXFileReference; lastKnownFileType = sourcecode.swift; path = Components/CriticalWarningCard.swift; sourceTree = "<group>"; };
		44016AEFAE5E48D48C84BAE1 /* Views/Procedures/ProcedureDetailView.swift */ = {isa = PBXFileReference; lastKnownFileType = sourcecode.swift; path = Views/Procedures/ProcedureDetailView.swift; sourceTree = "<group>"; };
		60B819C919EE4D2797D8FBA7 /* Components/EmptyStateView.swift */ = {isa = PBXFileReference; lastKnownFileType = sourcecode.swift; path = Components/EmptyStateView.swift; sourceTree = "<group>"; };
		6CBD851062FD4CF6B0503C4B /* Components/ProcedureCard.swift */ = {isa = PBXFileReference; lastKnownFileType = sourcecode.swift; path = Components/ProcedureCard.swift; sourceTree = "<group>"; };
		6DDB17579B3E40EDB201B37B /* Data/UserDataStore.swift */ = {isa = PBXFileReference; lastKnownFileType = sourcecode.swift; path = Data/UserDataStore.swift; sourceTree = "<group>"; };
		7E5700000000000000000008 /* ProceduresTests.xctest */ = {isa = PBXFileReference; explicitFileType = wrapper.cfbundle; includeInIndex = 0; path = ProceduresTests.xctest; sourceTree = BUILT_PRODUCTS_DIR; };
		7E570000000000000000000A /* ContentDecodingTests.swift */ = {isa = PBXFileReference; lastKnownFileType = sourcecode.swift; path = ContentDecodingTests.swift; sourceTree = "<group>"; };
		7E570000000000000000000B /* RescueSearchTests.swift */ = {isa = PBXFileReference; lastKnownFileType = sourcecode.swift; path = RescueSearchTests.swift; sourceTree = "<group>"; };
		7E570000000000000000000C /* ValidationTests.swift */ = {isa = PBXFileReference; lastKnownFileType = sourcecode.swift; path = ValidationTests.swift; sourceTree = "<group>"; };
		7E570000000000000000001B /* Models/ReviewerStatus.swift */ = {isa = PBXFileReference; lastKnownFileType = sourcecode.swift; path = Models/ReviewerStatus.swift; sourceTree = "<group>"; };
		7E580000000000000000001B /* Models/Kit.swift */ = {isa = PBXFileReference; lastKnownFileType = sourcecode.swift; path = Models/Kit.swift; sourceTree = "<group>"; };
		7E580000000000000000002B /* Resources/kits.json */ = {isa = PBXFileReference; lastKnownFileType = text.json; path = Resources/kits.json; sourceTree = "<group>"; };
		915119767C5F42828C5B518A /* Resources/procedures.json */ = {isa = PBXFileReference; lastKnownFileType = text.json; path = Resources/procedures.json; sourceTree = "<group>"; };
		A22222222222222222222222 /* Views/Guide/GuideHomeView.swift */ = {isa = PBXFileReference; lastKnownFileType = sourcecode.swift; path = Views/Guide/GuideHomeView.swift; sourceTree = "<group>"; };
		AABBCCDD0000000000005E72 /* Views/Settings/SettingsView.swift */ = {isa = PBXFileReference; lastKnownFileType = sourcecode.swift; path = Views/Settings/SettingsView.swift; sourceTree = "<group>"; };
		AD38FED1DEFEFB62F3922F4C /* Models/ComplicationRescueCard.swift */ = {isa = PBXFileReference; lastKnownFileType = sourcecode.swift; path = Models/ComplicationRescueCard.swift; sourceTree = "<group>"; };
		B7E9D92490F346AC94F36B69 /* Views/Equipment/EquipmentHomeView.swift */ = {isa = PBXFileReference; lastKnownFileType = sourcecode.swift; path = Views/Equipment/EquipmentHomeView.swift; sourceTree = "<group>"; };
		C1D2E3F4A5B60718293A4B5C /* Resources/rescue_cards.json */ = {isa = PBXFileReference; lastKnownFileType = text.json; path = Resources/rescue_cards.json; sourceTree = "<group>"; };
		C6E0BB9EE5B04E889679E603 /* Procedures.app */ = {isa = PBXFileReference; explicitFileType = wrapper.application; includeInIndex = 0; path = Procedures.app; sourceTree = BUILT_PRODUCTS_DIR; };
		CA5529C4505C4F41A4A01806 /* Views/Saved/SavedView.swift */ = {isa = PBXFileReference; lastKnownFileType = sourcecode.swift; path = Views/Saved/SavedView.swift; sourceTree = "<group>"; };
		CA8DC468D85E10471B68033F /* Models/ContentValidation.swift */ = {isa = PBXFileReference; lastKnownFileType = sourcecode.swift; path = Models/ContentValidation.swift; sourceTree = "<group>"; };
		EFCEB8DF5BB34D20A3222B6E /* Models/Procedure.swift */ = {isa = PBXFileReference; lastKnownFileType = sourcecode.swift; path = Models/Procedure.swift; sourceTree = "<group>"; };
		EFF198A70EE348B5AF64D291 /* Views/Complications/ComplicationsHomeView.swift */ = {isa = PBXFileReference; lastKnownFileType = sourcecode.swift; path = Views/Complications/ComplicationsHomeView.swift; sourceTree = "<group>"; };
		FFD19908C0EF438BABD37112 /* Components/ChecklistRow.swift */ = {isa = PBXFileReference; lastKnownFileType = sourcecode.swift; path = Components/ChecklistRow.swift; sourceTree = "<group>"; };
/* End PBXFileReference section */

/* Begin PBXFrameworksBuildPhase section */
		049C2875E37940678C4C3949 /* Frameworks */ = {
			isa = PBXFrameworksBuildPhase;
			buildActionMask = 2147483647;
			files = (
			);
			runOnlyForDeploymentPostprocessing = 0;
		};
/* End PBXFrameworksBuildPhase section */

/* Begin PBXGroup section */
		7559D7204FFE452694CF255F = {
			isa = PBXGroup;
			children = (
				75B0D31EEBCD47FA8577DB0A /* Procedures */,
				7E5700000000000000000009 /* ProceduresTests */,
				8937EBE7AE1F4E2A9E52D0F9 /* Products */,
			);
			sourceTree = "<group>";
		};
		75B0D31EEBCD47FA8577DB0A /* Procedures */ = {
			isa = PBXGroup;
			children = (
				160FBDD0DD9E41C9906384DF /* ProceduresApp.swift */,
				05B9118E397A43DFBAA25820 /* RootTabView.swift */,
				EFCEB8DF5BB34D20A3222B6E /* Models/Procedure.swift */,
				32D9DA74992140609FB5FBCB /* Data/ProcedureRepository.swift */,
				6DDB17579B3E40EDB201B37B /* Data/UserDataStore.swift */,
				6CBD851062FD4CF6B0503C4B /* Components/ProcedureCard.swift */,
				292B31E7F747418789D2A966 /* Components/SectionCard.swift */,
				4301701BC4A744288E325DE7 /* Components/CriticalWarningCard.swift */,
				FFD19908C0EF438BABD37112 /* Components/ChecklistRow.swift */,
				60B819C919EE4D2797D8FBA7 /* Components/EmptyStateView.swift */,
				A22222222222222222222222 /* Views/Guide/GuideHomeView.swift */,
				14AA73F6A3DD4C6599CF0094 /* Views/Procedures/ProcedureListView.swift */,
				44016AEFAE5E48D48C84BAE1 /* Views/Procedures/ProcedureDetailView.swift */,
				B7E9D92490F346AC94F36B69 /* Views/Equipment/EquipmentHomeView.swift */,
				EFF198A70EE348B5AF64D291 /* Views/Complications/ComplicationsHomeView.swift */,
				CA5529C4505C4F41A4A01806 /* Views/Saved/SavedView.swift */,
				915119767C5F42828C5B518A /* Resources/procedures.json */,
				C1D2E3F4A5B60718293A4B5C /* Resources/rescue_cards.json */,
				CA8DC468D85E10471B68033F /* Models/ContentValidation.swift */,
				AD38FED1DEFEFB62F3922F4C /* Models/ComplicationRescueCard.swift */,
				7E570000000000000000001B /* Models/ReviewerStatus.swift */,
				13EEE6E0342FFE24C67FCF75 /* Views/Review/ReviewCenterView.swift */,
				AABBCCDD0000000000005E72 /* Views/Settings/SettingsView.swift */,
				01BE97BA2FE0E226000F52A9 /* Assets.xcassets */,
				7E580000000000000000001B /* Models/Kit.swift */,
				7E580000000000000000002B /* Resources/kits.json */,
			);
			path = Procedures;
			sourceTree = "<group>";
		};
		7E5700000000000000000009 /* ProceduresTests */ = {
			isa = PBXGroup;
			children = (
				7E570000000000000000000A /* ContentDecodingTests.swift */,
				7E570000000000000000000B /* RescueSearchTests.swift */,
				7E570000000000000000000C /* ValidationTests.swift */,
			);
			path = ProceduresTests;
			sourceTree = "<group>";
		};
		8937EBE7AE1F4E2A9E52D0F9 /* Products */ = {
			isa = PBXGroup;
			children = (
				C6E0BB9EE5B04E889679E603 /* Procedures.app */,
				7E5700000000000000000008 /* ProceduresTests.xctest */,
			);
			name = Products;
			sourceTree = "<group>";
		};
/* End PBXGroup section */

/* Begin PBXNativeTarget section */
		7315612EF9CC4CF9B2359C83 /* Procedures */ = {
			isa = PBXNativeTarget;
			buildConfigurationList = 1F1752E5B1AA419F89DDC37C /* Build configuration list for PBXNativeTarget "Procedures" */;
			buildPhases = (
				FEF171F812B64D1C8E68286D /* Sources */,
				049C2875E37940678C4C3949 /* Frameworks */,
				36628CA551C44B9DA5DF2507 /* Resources */,
			);
			buildRules = (
			);
			dependencies = (
			);
			name = Procedures;
			productName = Procedures;
			productReference = C6E0BB9EE5B04E889679E603 /* Procedures.app */;
			productType = "com.apple.product-type.application";
		};
		7E5700000000000000000001 /* ProceduresTests */ = {
			isa = PBXNativeTarget;
			buildConfigurationList = 7E5700000000000000000002 /* Build configuration list for PBXNativeTarget "ProceduresTests" */;
			buildPhases = (
				7E5700000000000000000005 /* Sources */,
			);
			buildRules = (
			);
			dependencies = (
				7E5700000000000000000006 /* PBXTargetDependency */,
			);
			name = ProceduresTests;
			productName = ProceduresTests;
			productReference = 7E5700000000000000000008 /* ProceduresTests.xctest */;
			productType = "com.apple.product-type.bundle.unit-test";
		};
/* End PBXNativeTarget section */

/* Begin PBXProject section */
		AA666B690B73405FA73EDA8F /* Project object */ = {
			isa = PBXProject;
			attributes = {
				BuildIndependentTargetsInParallel = 1;
				LastSwiftUpdateCheck = 1500;
				LastUpgradeCheck = 1500;
				TargetAttributes = {
					7315612EF9CC4CF9B2359C83 = {
						CreatedOnToolsVersion = 15.0;
					};
					7E5700000000000000000001 = {
						CreatedOnToolsVersion = 15.0;
						TestTargetID = 7315612EF9CC4CF9B2359C83;
					};
				};
			};
			buildConfigurationList = CEC307949BA2492A8FE89305 /* Build configuration list for PBXProject "Procedures" */;
			compatibilityVersion = "Xcode 14.0";
			developmentRegion = en;
			hasScannedForEncodings = 0;
			knownRegions = (
				en,
				Base,
			);
			mainGroup = 7559D7204FFE452694CF255F;
			productRefGroup = 8937EBE7AE1F4E2A9E52D0F9 /* Products */;
			projectDirPath = "";
			projectRoot = "";
			targets = (
				7315612EF9CC4CF9B2359C83 /* Procedures */,
				7E5700000000000000000001 /* ProceduresTests */,
			);
		};
/* End PBXProject section */

/* Begin PBXResourcesBuildPhase section */
		36628CA551C44B9DA5DF2507 /* Resources */ = {
			isa = PBXResourcesBuildPhase;
			buildActionMask = 2147483647;
			files = (
				D6B981D555E14D429E0F5A4E /* Resources/procedures.json in Resources */,
				01BE97BB2FE0E226000F52A9 /* Assets.xcassets in Resources */,
				B1C2D3E4F5A60718293A4B5C /* Resources/rescue_cards.json in Resources */,
				7E580000000000000000002A /* Resources/kits.json in Resources */,
			);
			runOnlyForDeploymentPostprocessing = 0;
		};
/* End PBXResourcesBuildPhase section */

/* Begin PBXSourcesBuildPhase section */
		7E5700000000000000000005 /* Sources */ = {
			isa = PBXSourcesBuildPhase;
			buildActionMask = 2147483647;
			files = (
				7E570000000000000000000D /* ContentDecodingTests.swift in Sources */,
				7E570000000000000000000E /* RescueSearchTests.swift in Sources */,
				7E570000000000000000000F /* ValidationTests.swift in Sources */,
			);
			runOnlyForDeploymentPostprocessing = 0;
		};
		FEF171F812B64D1C8E68286D /* Sources */ = {
			isa = PBXSourcesBuildPhase;
			buildActionMask = 2147483647;
			files = (
				69BFFF9DEFEE45C18A32A93F /* ProceduresApp.swift in Sources */,
				E075E2EF1601425490291385 /* RootTabView.swift in Sources */,
				761FD7F437374F90B4F87581 /* Models/Procedure.swift in Sources */,
				34895A7D84534D8CA7CF6D2C /* Data/ProcedureRepository.swift in Sources */,
				CB2CA167E0F74C4A8EDE9CA4 /* Data/UserDataStore.swift in Sources */,
				5A6D4E9C7089450EB8F5B4ED /* Components/ProcedureCard.swift in Sources */,
				F312BCB2A1354D51B8B76D53 /* Components/SectionCard.swift in Sources */,
				8FE086BA856F4B1293051E57 /* Components/CriticalWarningCard.swift in Sources */,
				BA427DAF09B3410CAD39E4DD /* Components/ChecklistRow.swift in Sources */,
				ECF59648B12840F78DBE7AAD /* Components/EmptyStateView.swift in Sources */,
				A11111111111111111111111 /* Views/Guide/GuideHomeView.swift in Sources */,
				CC94070492474B6EBF6DD38E /* Views/Procedures/ProcedureListView.swift in Sources */,
				489861521A8E4EE8B8A92E0F /* Views/Procedures/ProcedureDetailView.swift in Sources */,
				C637CD5B4F7C4AE4ADE9E581 /* Views/Equipment/EquipmentHomeView.swift in Sources */,
				881D5EC5F8154B77BBCE9542 /* Views/Complications/ComplicationsHomeView.swift in Sources */,
				958492D1300C4EEC9CE1FAEA /* Views/Saved/SavedView.swift in Sources */,
				338F8C8BBF1343EB69A78AD0 /* Models/ContentValidation.swift in Sources */,
				88F9C923C93A43E6A2E14BFF /* Models/ComplicationRescueCard.swift in Sources */,
				92AACC753D3533D81A9532F1 /* Views/Review/ReviewCenterView.swift in Sources */,
				AABBCCDD0000000000005E71 /* Views/Settings/SettingsView.swift in Sources */,
				7E570000000000000000001A /* Models/ReviewerStatus.swift in Sources */,
				7E580000000000000000001A /* Models/Kit.swift in Sources */,
			);
			runOnlyForDeploymentPostprocessing = 0;
		};
/* End PBXSourcesBuildPhase section */

/* Begin PBXTargetDependency section */
		7E5700000000000000000006 /* PBXTargetDependency */ = {
			isa = PBXTargetDependency;
			target = 7315612EF9CC4CF9B2359C83 /* Procedures */;
			targetProxy = 7E5700000000000000000007 /* PBXContainerItemProxy */;
		};
/* End PBXTargetDependency section */

/* Begin XCBuildConfiguration section */
		2C951247598A4D7EAF0C52F1 /* Release */ = {
			isa = XCBuildConfiguration;
			buildSettings = {
				ASSETCATALOG_COMPILER_APPICON_NAME = AppIcon;
				CODE_SIGN_STYLE = Automatic;
				CURRENT_PROJECT_VERSION = 1;
				DEVELOPMENT_TEAM = R4L58G49L2;
				GENERATE_INFOPLIST_FILE = YES;
				INFOPLIST_KEY_CFBundleDisplayName = Procedures;
				INFOPLIST_KEY_LSApplicationCategoryType = "public.app-category.medical";
				INFOPLIST_KEY_UIApplicationSceneManifest_Generation = YES;
				INFOPLIST_KEY_UIApplicationSupportsIndirectInputEvents = YES;
				INFOPLIST_KEY_UILaunchScreen_Generation = YES;
				INFOPLIST_KEY_UISupportedInterfaceOrientations_iPad = "UIInterfaceOrientationPortrait UIInterfaceOrientationPortraitUpsideDown UIInterfaceOrientationLandscapeLeft UIInterfaceOrientationLandscapeRight";
				INFOPLIST_KEY_UISupportedInterfaceOrientations_iPhone = "UIInterfaceOrientationPortrait UIInterfaceOrientationLandscapeLeft UIInterfaceOrientationLandscapeRight";
				IPHONEOS_DEPLOYMENT_TARGET = 17.0;
				LD_RUNPATH_SEARCH_PATHS = (
					"$(inherited)",
					"@executable_path/Frameworks",
				);
				MARKETING_VERSION = 0.1;
				PRODUCT_BUNDLE_IDENTIFIER = com.pjkane859.ProcedureSTAT;
				PRODUCT_NAME = "$(TARGET_NAME)";
				SUPPORTED_PLATFORMS = "iphoneos iphonesimulator";
				SUPPORTS_MACCATALYST = NO;
				SUPPORTS_MAC_DESIGNED_FOR_IPHONE_IPAD = NO;
				SWIFT_EMIT_LOC_STRINGS = YES;
				SWIFT_VERSION = 5.0;
				TARGETED_DEVICE_FAMILY = "1,2";
			};
			name = Release;
		};
		7E5700000000000000000003 /* Debug */ = {
			isa = XCBuildConfiguration;
			buildSettings = {
				BUNDLE_LOADER = "$(TEST_HOST)";
				CODE_SIGN_STYLE = Automatic;
				CURRENT_PROJECT_VERSION = 1;
				DEVELOPMENT_TEAM = R4L58G49L2;
				GENERATE_INFOPLIST_FILE = YES;
				IPHONEOS_DEPLOYMENT_TARGET = 17.0;
				MARKETING_VERSION = 0.1;
				PRODUCT_BUNDLE_IDENTIFIER = com.pjkane859.ProcedureSTATTests;
				PRODUCT_NAME = "$(TARGET_NAME)";
				SWIFT_EMIT_LOC_STRINGS = NO;
				SWIFT_VERSION = 5.0;
				TARGETED_DEVICE_FAMILY = "1,2";
				TEST_HOST = "$(BUILT_PRODUCTS_DIR)/Procedures.app/$(BUNDLE_EXECUTABLE_FOLDER_PATH)/Procedures";
			};
			name = Debug;
		};
		7E5700000000000000000004 /* Release */ = {
			isa = XCBuildConfiguration;
			buildSettings = {
				BUNDLE_LOADER = "$(TEST_HOST)";
				CODE_SIGN_STYLE = Automatic;
				CURRENT_PROJECT_VERSION = 1;
				DEVELOPMENT_TEAM = R4L58G49L2;
				GENERATE_INFOPLIST_FILE = YES;
				IPHONEOS_DEPLOYMENT_TARGET = 17.0;
				MARKETING_VERSION = 0.1;
				PRODUCT_BUNDLE_IDENTIFIER = com.pjkane859.ProcedureSTATTests;
				PRODUCT_NAME = "$(TARGET_NAME)";
				SWIFT_EMIT_LOC_STRINGS = NO;
				SWIFT_VERSION = 5.0;
				TARGETED_DEVICE_FAMILY = "1,2";
				TEST_HOST = "$(BUILT_PRODUCTS_DIR)/Procedures.app/$(BUNDLE_EXECUTABLE_FOLDER_PATH)/Procedures";
			};
			name = Release;
		};
		8343246E4DD34EB086BCCE05 /* Debug */ = {
			isa = XCBuildConfiguration;
			buildSettings = {
				ASSETCATALOG_COMPILER_APPICON_NAME = AppIcon;
				CODE_SIGN_STYLE = Automatic;
				CURRENT_PROJECT_VERSION = 1;
				DEVELOPMENT_TEAM = R4L58G49L2;
				GENERATE_INFOPLIST_FILE = YES;
				INFOPLIST_KEY_CFBundleDisplayName = Procedures;
				INFOPLIST_KEY_LSApplicationCategoryType = "public.app-category.medical";
				INFOPLIST_KEY_UIApplicationSceneManifest_Generation = YES;
				INFOPLIST_KEY_UIApplicationSupportsIndirectInputEvents = YES;
				INFOPLIST_KEY_UILaunchScreen_Generation = YES;
				INFOPLIST_KEY_UISupportedInterfaceOrientations_iPad = "UIInterfaceOrientationPortrait UIInterfaceOrientationPortraitUpsideDown UIInterfaceOrientationLandscapeLeft UIInterfaceOrientationLandscapeRight";
				INFOPLIST_KEY_UISupportedInterfaceOrientations_iPhone = "UIInterfaceOrientationPortrait UIInterfaceOrientationLandscapeLeft UIInterfaceOrientationLandscapeRight";
				IPHONEOS_DEPLOYMENT_TARGET = 17.0;
				LD_RUNPATH_SEARCH_PATHS = (
					"$(inherited)",
					"@executable_path/Frameworks",
				);
				MARKETING_VERSION = 0.1;
				PRODUCT_BUNDLE_IDENTIFIER = "Patrick-App.ProceduresSTAT";
				PRODUCT_NAME = "$(TARGET_NAME)";
				SUPPORTED_PLATFORMS = "iphoneos iphonesimulator";
				SUPPORTS_MACCATALYST = NO;
				SUPPORTS_MAC_DESIGNED_FOR_IPHONE_IPAD = NO;
				SWIFT_EMIT_LOC_STRINGS = YES;
				SWIFT_VERSION = 5.0;
				TARGETED_DEVICE_FAMILY = "1,2";
			};
			name = Debug;
		};
		B0914A539B2942F2B06A3944 /* Debug */ = {
			isa = XCBuildConfiguration;
			buildSettings = {
				ALWAYS_SEARCH_USER_PATHS = NO;
				CLANG_ANALYZER_NONNULL = YES;
				CLANG_ANALYZER_NUMBER_OBJECT_CONVERSION = YES_AGGRESSIVE;
				CLANG_CXX_LANGUAGE_STANDARD = "gnu++20";
				CLANG_ENABLE_MODULES = YES;
				CLANG_ENABLE_OBJC_ARC = YES;
				CLANG_ENABLE_OBJC_WEAK = YES;
				CLANG_WARN_BLOCK_CAPTURE_AUTORELEASING = YES;
				CLANG_WARN_BOOL_CONVERSION = YES;
				CLANG_WARN_COMMA = YES;
				CLANG_WARN_CONSTANT_CONVERSION = YES;
				CLANG_WARN_DEPRECATED_OBJC_IMPLEMENTATIONS = YES;
				CLANG_WARN_DIRECT_OBJC_ISA_USAGE = YES_ERROR;
				CLANG_WARN_DOCUMENTATION_COMMENTS = YES;
				CLANG_WARN_EMPTY_BODY = YES;
				CLANG_WARN_ENUM_CONVERSION = YES;
				CLANG_WARN_INFINITE_RECURSION = YES;
				CLANG_WARN_INT_CONVERSION = YES;
				CLANG_WARN_NON_LITERAL_NULL_CONVERSION = YES;
				CLANG_WARN_OBJC_IMPLICIT_RETAIN_SELF = YES;
				CLANG_WARN_OBJC_LITERAL_CONVERSION = YES;
				CLANG_WARN_OBJC_ROOT_CLASS = YES_ERROR;
				CLANG_WARN_QUOTED_INCLUDE_IN_FRAMEWORK_HEADER = YES;
				CLANG_WARN_RANGE_LOOP_ANALYSIS = YES;
				CLANG_WARN_STRICT_PROTOTYPES = YES;
				CLANG_WARN_SUSPICIOUS_MOVE = YES;
				CLANG_WARN_UNGUARDED_AVAILABILITY = YES_AGGRESSIVE;
				CLANG_WARN_UNREACHABLE_CODE = YES;
				CLANG_WARN__DUPLICATE_METHOD_MATCH = YES;
				COPY_PHASE_STRIP = NO;
				ENABLE_STRICT_OBJC_MSGSEND = YES;
				ENABLE_TESTABILITY = YES;
				GCC_C_LANGUAGE_STANDARD = gnu17;
				GCC_NO_COMMON_BLOCKS = YES;
				GCC_WARN_64_TO_32_BIT_CONVERSION = YES;
				GCC_WARN_ABOUT_RETURN_TYPE = YES_ERROR;
				GCC_WARN_UNDECLARED_SELECTOR = YES;
				GCC_WARN_UNINITIALIZED_AUTOS = YES_AGGRESSIVE;
				GCC_WARN_UNUSED_FUNCTION = YES;
				GCC_WARN_UNUSED_VARIABLE = YES;
				IPHONEOS_DEPLOYMENT_TARGET = 17.0;
				LOCALIZATION_PREFERS_STRING_CATALOGS = YES;
				MTL_ENABLE_DEBUG_INFO = INCLUDE_SOURCE;
				MTL_FAST_MATH = YES;
				SDKROOT = iphoneos;
				SWIFT_ACTIVE_COMPILATION_CONDITIONS = DEBUG;
				SWIFT_OPTIMIZATION_LEVEL = "-Onone";
			};
			name = Debug;
		};
		FD13CFB743A94B8680654D22 /* Release */ = {
			isa = XCBuildConfiguration;
			buildSettings = {
				ALWAYS_SEARCH_USER_PATHS = NO;
				CLANG_ANALYZER_NONNULL = YES;
				CLANG_ANALYZER_NUMBER_OBJECT_CONVERSION = YES_AGGRESSIVE;
				CLANG_CXX_LANGUAGE_STANDARD = "gnu++20";
				CLANG_ENABLE_MODULES = YES;
				CLANG_ENABLE_OBJC_ARC = YES;
				CLANG_ENABLE_OBJC_WEAK = YES;
				CLANG_WARN_BLOCK_CAPTURE_AUTORELEASING = YES;
				CLANG_WARN_BOOL_CONVERSION = YES;
				CLANG_WARN_COMMA = YES;
				CLANG_WARN_CONSTANT_CONVERSION = YES;
				CLANG_WARN_DEPRECATED_OBJC_IMPLEMENTATIONS = YES;
				CLANG_WARN_DIRECT_OBJC_ISA_USAGE = YES_ERROR;
				CLANG_WARN_DOCUMENTATION_COMMENTS = YES;
				CLANG_WARN_EMPTY_BODY = YES;
				CLANG_WARN_ENUM_CONVERSION = YES;
				CLANG_WARN_INFINITE_RECURSION = YES;
				CLANG_WARN_INT_CONVERSION = YES;
				CLANG_WARN_NON_LITERAL_NULL_CONVERSION = YES;
				CLANG_WARN_OBJC_IMPLICIT_RETAIN_SELF = YES;
				CLANG_WARN_OBJC_LITERAL_CONVERSION = YES;
				CLANG_WARN_OBJC_ROOT_CLASS = YES_ERROR;
				CLANG_WARN_QUOTED_INCLUDE_IN_FRAMEWORK_HEADER = YES;
				CLANG_WARN_RANGE_LOOP_ANALYSIS = YES;
				CLANG_WARN_STRICT_PROTOTYPES = YES;
				CLANG_WARN_SUSPICIOUS_MOVE = YES;
				CLANG_WARN_UNGUARDED_AVAILABILITY = YES_AGGRESSIVE;
				CLANG_WARN_UNREACHABLE_CODE = YES;
				CLANG_WARN__DUPLICATE_METHOD_MATCH = YES;
				COPY_PHASE_STRIP = YES;
				ENABLE_STRICT_OBJC_MSGSEND = YES;
				GCC_C_LANGUAGE_STANDARD = gnu17;
				GCC_NO_COMMON_BLOCKS = YES;
				GCC_WARN_64_TO_32_BIT_CONVERSION = YES;
				GCC_WARN_ABOUT_RETURN_TYPE = YES_ERROR;
				GCC_WARN_UNDECLARED_SELECTOR = YES;
				GCC_WARN_UNINITIALIZED_AUTOS = YES_AGGRESSIVE;
				GCC_WARN_UNUSED_FUNCTION = YES;
				GCC_WARN_UNUSED_VARIABLE = YES;
				IPHONEOS_DEPLOYMENT_TARGET = 17.0;
				LOCALIZATION_PREFERS_STRING_CATALOGS = YES;
				MTL_ENABLE_DEBUG_INFO = INCLUDE_SOURCE;
				MTL_FAST_MATH = YES;
				SDKROOT = iphoneos;
				SWIFT_COMPILATION_MODE = wholemodule;
			};
			name = Release;
		};
/* End XCBuildConfiguration section */

/* Begin XCConfigurationList section */
		1F1752E5B1AA419F89DDC37C /* Build configuration list for PBXNativeTarget "Procedures" */ = {
			isa = XCConfigurationList;
			buildConfigurations = (
				8343246E4DD34EB086BCCE05 /* Debug */,
				2C951247598A4D7EAF0C52F1 /* Release */,
			);
			defaultConfigurationIsVisible = 0;
			defaultConfigurationName = Release;
		};
		7E5700000000000000000002 /* Build configuration list for PBXNativeTarget "ProceduresTests" */ = {
			isa = XCConfigurationList;
			buildConfigurations = (
				7E5700000000000000000003 /* Debug */,
				7E5700000000000000000004 /* Release */,
			);
			defaultConfigurationIsVisible = 0;
			defaultConfigurationName = Release;
		};
		CEC307949BA2492A8FE89305 /* Build configuration list for PBXProject "Procedures" */ = {
			isa = XCConfigurationList;
			buildConfigurations = (
				B0914A539B2942F2B06A3944 /* Debug */,
				FD13CFB743A94B8680654D22 /* Release */,
			);
			defaultConfigurationIsVisible = 0;
			defaultConfigurationName = Release;
		};
/* End XCConfigurationList section */
	};
	rootObject = AA666B690B73405FA73EDA8F /* Project object */;
}
